// !$*UTF8*$!
{
	archiveVersion = 1;
	classes = {
	};
	objectVersion = 46;
	objects = {

/* Begin PBXBuildFile section */
		1218BCCC1B1C2B61008D49A1 /* libCoreLib.a in Frameworks */ = {isa = PBXBuildFile; fileRef = 1218BCC01B1C2B61008D49A1 /* libCoreLib.a */; };
		1218BCF91B1C2DFF008D49A1 /* NSDictionary+Contain.m in Sources */ = {isa = PBXBuildFile; fileRef = 1218BCDE1B1C2DFF008D49A1 /* NSDictionary+Contain.m */; };
		1218BCFC1B1C2DFF008D49A1 /* NSObject+DeepCopyingSupport.m in Sources */ = {isa = PBXBuildFile; fileRef = 1218BCE41B1C2DFF008D49A1 /* NSObject+DeepCopyingSupport.m */; };
		1218BCFD1B1C2DFF008D49A1 /* NSObject+Serialization.m in Sources */ = {isa = PBXBuildFile; fileRef = 1218BCE61B1C2DFF008D49A1 /* NSObject+Serialization.m */; };
		1218BCFE1B1C2DFF008D49A1 /* NSString+Helper.m in Sources */ = {isa = PBXBuildFile; fileRef = 1218BCE81B1C2DFF008D49A1 /* NSString+Helper.m */; };
		1218BCFF1B1C2DFF008D49A1 /* NSString+isEmpty.m in Sources */ = {isa = PBXBuildFile; fileRef = 1218BCEA1B1C2DFF008D49A1 /* NSString+isEmpty.m */; };
		1218BD001B1C2DFF008D49A1 /* UIAlertView+Blocks.m in Sources */ = {isa = PBXBuildFile; fileRef = 1218BCEC1B1C2DFF008D49A1 /* UIAlertView+Blocks.m */; };
		1218BD011B1C2DFF008D49A1 /* UIColor+HexConvert.m in Sources */ = {isa = PBXBuildFile; fileRef = 1218BCEE1B1C2DFF008D49A1 /* UIColor+HexConvert.m */; };
		1218BD031B1C2DFF008D49A1 /* UIImage+animatedGIF.m in Sources */ = {isa = PBXBuildFile; fileRef = 1218BCF21B1C2DFF008D49A1 /* UIImage+animatedGIF.m */; };
		1218BD041B1C2DFF008D49A1 /* UIImage+ImageCompression.m in Sources */ = {isa = PBXBuildFile; fileRef = 1218BCF41B1C2DFF008D49A1 /* UIImage+ImageCompression.m */; };
		1218BD051B1C2DFF008D49A1 /* UIPopoverController+Tag.m in Sources */ = {isa = PBXBuildFile; fileRef = 1218BCF61B1C2DFF008D49A1 /* UIPopoverController+Tag.m */; };
		1218BD061B1C2DFF008D49A1 /* UIView+Screenshot.m in Sources */ = {isa = PBXBuildFile; fileRef = 1218BCF81B1C2DFF008D49A1 /* UIView+Screenshot.m */; };
		1218BD1B1B1C30BD008D49A1 /* PRPDebug.m in Sources */ = {isa = PBXBuildFile; fileRef = 1218BD101B1C30BD008D49A1 /* PRPDebug.m */; settings = {COMPILER_FLAGS = "-fno-objc-arc"; }; };
		1218BD1C1B1C30BD008D49A1 /* SimpleFolderTools.m in Sources */ = {isa = PBXBuildFile; fileRef = 1218BD131B1C30BD008D49A1 /* SimpleFolderTools.m */; };
		1218BD271B1C320C008D49A1 /* NSDictionary+SafeObjectForKey.m in Sources */ = {isa = PBXBuildFile; fileRef = 1218BD231B1C320C008D49A1 /* NSDictionary+SafeObjectForKey.m */; };
		1218BD281B1C320C008D49A1 /* NSMutableDictionary+SafeSetObjectForKey.m in Sources */ = {isa = PBXBuildFile; fileRef = 1218BD251B1C320C008D49A1 /* NSMutableDictionary+SafeSetObjectForKey.m */; };
		1218BD2D1B1C3393008D49A1 /* SimpleProgressBar.m in Sources */ = {isa = PBXBuildFile; fileRef = 1218BD2A1B1C3393008D49A1 /* SimpleProgressBar.m */; };
		1218BD2E1B1C3393008D49A1 /* SimpleToast.m in Sources */ = {isa = PBXBuildFile; fileRef = 1218BD2C1B1C3393008D49A1 /* SimpleToast.m */; };
		1218BD431B1C3924008D49A1 /* NSData+MKBase64.m in Sources */ = {isa = PBXBuildFile; fileRef = 1218BD321B1C3924008D49A1 /* NSData+MKBase64.m */; };
		1218BD441B1C3924008D49A1 /* NSDate+RFC1123.m in Sources */ = {isa = PBXBuildFile; fileRef = 1218BD341B1C3924008D49A1 /* NSDate+RFC1123.m */; };
		1218BD451B1C3924008D49A1 /* NSDictionary+RequestEncoding.m in Sources */ = {isa = PBXBuildFile; fileRef = 1218BD361B1C3924008D49A1 /* NSDictionary+RequestEncoding.m */; };
		1218BD461B1C3924008D49A1 /* NSString+MKNetworkKitAdditions.m in Sources */ = {isa = PBXBuildFile; fileRef = 1218BD381B1C3924008D49A1 /* NSString+MKNetworkKitAdditions.m */; };
		1218BD471B1C3924008D49A1 /* UIImageView+MKNetworkKitAdditions.m in Sources */ = {isa = PBXBuildFile; fileRef = 1218BD3A1B1C3924008D49A1 /* UIImageView+MKNetworkKitAdditions.m */; };
		1218BD481B1C3924008D49A1 /* MKNetworkEngine.m in Sources */ = {isa = PBXBuildFile; fileRef = 1218BD3C1B1C3924008D49A1 /* MKNetworkEngine.m */; };
		1218BD491B1C3924008D49A1 /* MKNetworkOperation.m in Sources */ = {isa = PBXBuildFile; fileRef = 1218BD3F1B1C3924008D49A1 /* MKNetworkOperation.m */; };
		1218BD4A1B1C3924008D49A1 /* MKReachability.m in Sources */ = {isa = PBXBuildFile; fileRef = 1218BD421B1C3924008D49A1 /* MKReachability.m */; };
		1218BD961B1C3A61008D49A1 /* BaseModel.m in Sources */ = {isa = PBXBuildFile; fileRef = 1218BD7E1B1C3A61008D49A1 /* BaseModel.m */; };
		1218BD971B1C3A61008D49A1 /* SimpleNetworkEngineSingleton.m in Sources */ = {isa = PBXBuildFile; fileRef = 1218BD811B1C3A61008D49A1 /* SimpleNetworkEngineSingleton.m */; };
		1218BD981B1C3A61008D49A1 /* ErrorBean.m in Sources */ = {isa = PBXBuildFile; fileRef = 1218BD8E1B1C3A61008D49A1 /* ErrorBean.m */; };
		1218BD991B1C3A61008D49A1 /* NetRequestHandleNilObject.m in Sources */ = {isa = PBXBuildFile; fileRef = 1218BD951B1C3A61008D49A1 /* NetRequestHandleNilObject.m */; };
		1218BDC71B1C4B08008D49A1 /* EngineHelperSingleton.m in Sources */ = {isa = PBXBuildFile; fileRef = 1218BDB91B1C4B08008D49A1 /* EngineHelperSingleton.m */; };
		1218BDC81B1C4B08008D49A1 /* DomainBeanRequestPublicParams.m in Sources */ = {isa = PBXBuildFile; fileRef = 1218BDBC1B1C4B08008D49A1 /* DomainBeanRequestPublicParams.m */; };
		1218BDC91B1C4B08008D49A1 /* NetRequestParamsPackage.m in Sources */ = {isa = PBXBuildFile; fileRef = 1218BDBE1B1C4B08008D49A1 /* NetRequestParamsPackage.m */; };
		1218BDCA1B1C4B08008D49A1 /* NetResponseDataToNSDictionary.m in Sources */ = {isa = PBXBuildFile; fileRef = 1218BDC01B1C4B08008D49A1 /* NetResponseDataToNSDictionary.m */; };
		1218BDCB1B1C4B08008D49A1 /* NetResponseRawEntityDataUnpack.m in Sources */ = {isa = PBXBuildFile; fileRef = 1218BDC21B1C4B08008D49A1 /* NetResponseRawEntityDataUnpack.m */; };
		1218BDCC1B1C4B08008D49A1 /* ServerResponseDataValidityTest.m in Sources */ = {isa = PBXBuildFile; fileRef = 1218BDC41B1C4B08008D49A1 /* ServerResponseDataValidityTest.m */; };
		1218BDCD1B1C4B08008D49A1 /* SpliceFullUrlByDomainBeanSpecialPath.m in Sources */ = {isa = PBXBuildFile; fileRef = 1218BDC61B1C4B08008D49A1 /* SpliceFullUrlByDomainBeanSpecialPath.m */; };
		1218BDD31B1C4CDB008D49A1 /* HttpEngineOfMKNetworkKitSingleton.m in Sources */ = {isa = PBXBuildFile; fileRef = 1218BDD01B1C4CDB008D49A1 /* HttpEngineOfMKNetworkKitSingleton.m */; };
		1218BDD41B1C4CDB008D49A1 /* HttpRequestHandleOfMKNetworkKit.m in Sources */ = {isa = PBXBuildFile; fileRef = 1218BDD21B1C4CDB008D49A1 /* HttpRequestHandleOfMKNetworkKit.m */; };
		1218BDD81B1C516E008D49A1 /* NetworkInterfaceMappingSingleton.m in Sources */ = {isa = PBXBuildFile; fileRef = 1218BDD71B1C516E008D49A1 /* NetworkInterfaceMappingSingleton.m */; };
		12B592321B1D7BE600982834 /* AccessToken.m in Sources */ = {isa = PBXBuildFile; fileRef = 12B592261B1D7BE600982834 /* AccessToken.m */; };
		12B592331B1D7BE600982834 /* LoginDomainBeanHelper.m in Sources */ = {isa = PBXBuildFile; fileRef = 12B592291B1D7BE600982834 /* LoginDomainBeanHelper.m */; };
		12B592341B1D7BE600982834 /* LoginNetRequestBean.m in Sources */ = {isa = PBXBuildFile; fileRef = 12B5922B1B1D7BE600982834 /* LoginNetRequestBean.m */; };
		12B592351B1D7BE600982834 /* LoginNetRespondBean.m in Sources */ = {isa = PBXBuildFile; fileRef = 12B5922D1B1D7BE600982834 /* LoginNetRespondBean.m */; };
		12B592361B1D7BE600982834 /* LoginParseDomainBeanToDD.m in Sources */ = {isa = PBXBuildFile; fileRef = 12B5922F1B1D7BE600982834 /* LoginParseDomainBeanToDD.m */; };
		12B592371B1D7BE600982834 /* UserInfo.m in Sources */ = {isa = PBXBuildFile; fileRef = 12B592311B1D7BE600982834 /* UserInfo.m */; };
		12B5923A1B1D857700982834 /* UrlConstantForThisProject.m in Sources */ = {isa = PBXBuildFile; fileRef = 12B592391B1D857700982834 /* UrlConstantForThisProject.m */; };
		12B592431B1D92D100982834 /* GlobalDataCacheForDisk.m in Sources */ = {isa = PBXBuildFile; fileRef = 12B5923D1B1D92D100982834 /* GlobalDataCacheForDisk.m */; };
		12B592441B1D92D100982834 /* GlobalDataCacheForMemorySingleton.m in Sources */ = {isa = PBXBuildFile; fileRef = 12B5923F1B1D92D100982834 /* GlobalDataCacheForMemorySingleton.m */; };
		12B592451B1D92D100982834 /* LocalCacheDataPathConstant.m in Sources */ = {isa = PBXBuildFile; fileRef = 12B592411B1D92D100982834 /* LocalCacheDataPathConstant.m */; };
		12B592481B1D950C00982834 /* ProjectHelper.m in Sources */ = {isa = PBXBuildFile; fileRef = 12B592471B1D950C00982834 /* ProjectHelper.m */; };
/* End PBXBuildFile section */

/* Begin PBXContainerItemProxy section */
		1218BCCD1B1C2B61008D49A1 /* PBXContainerItemProxy */ = {
			isa = PBXContainerItemProxy;
			containerPortal = 1218BCB81B1C2B61008D49A1 /* Project object */;
			proxyType = 1;
			remoteGlobalIDString = 1218BCBF1B1C2B61008D49A1;
			remoteInfo = CoreLib;
		};
/* End PBXContainerItemProxy section */

/* Begin PBXCopyFilesBuildPhase section */
		1218BCBE1B1C2B61008D49A1 /* CopyFiles */ = {
			isa = PBXCopyFilesBuildPhase;
			buildActionMask = 2147483647;
			dstPath = "include/$(PRODUCT_NAME)";
			dstSubfolderSpec = 16;
			files = (
			);
			runOnlyForDeploymentPostprocessing = 0;
		};
/* End PBXCopyFilesBuildPhase section */

/* Begin PBXFileReference section */
		1218BCC01B1C2B61008D49A1 /* libCoreLib.a */ = {isa = PBXFileReference; explicitFileType = archive.ar; includeInIndex = 0; path = libCoreLib.a; sourceTree = BUILT_PRODUCTS_DIR; };
		1218BCCB1B1C2B61008D49A1 /* CoreLibTests.xctest */ = {isa = PBXFileReference; explicitFileType = wrapper.cfbundle; includeInIndex = 0; path = CoreLibTests.xctest; sourceTree = BUILT_PRODUCTS_DIR; };
		1218BCD11B1C2B61008D49A1 /* Info.plist */ = {isa = PBXFileReference; lastKnownFileType = text.plist.xml; path = Info.plist; sourceTree = "<group>"; };
		1218BCDD1B1C2DFF008D49A1 /* NSDictionary+Contain.h */ = {isa = PBXFileReference; fileEncoding = 4; lastKnownFileType = sourcecode.c.h; path = "NSDictionary+Contain.h"; sourceTree = "<group>"; };
		1218BCDE1B1C2DFF008D49A1 /* NSDictionary+Contain.m */ = {isa = PBXFileReference; fileEncoding = 4; lastKnownFileType = sourcecode.c.objc; path = "NSDictionary+Contain.m"; sourceTree = "<group>"; };
		1218BCE31B1C2DFF008D49A1 /* NSObject+DeepCopyingSupport.h */ = {isa = PBXFileReference; fileEncoding = 4; lastKnownFileType = sourcecode.c.h; path = "NSObject+DeepCopyingSupport.h"; sourceTree = "<group>"; };
		1218BCE41B1C2DFF008D49A1 /* NSObject+DeepCopyingSupport.m */ = {isa = PBXFileReference; fileEncoding = 4; lastKnownFileType = sourcecode.c.objc; path = "NSObject+DeepCopyingSupport.m"; sourceTree = "<group>"; };
		1218BCE51B1C2DFF008D49A1 /* NSObject+Serialization.h */ = {isa = PBXFileReference; fileEncoding = 4; lastKnownFileType = sourcecode.c.h; path = "NSObject+Serialization.h"; sourceTree = "<group>"; };
		1218BCE61B1C2DFF008D49A1 /* NSObject+Serialization.m */ = {isa = PBXFileReference; fileEncoding = 4; lastKnownFileType = sourcecode.c.objc; path = "NSObject+Serialization.m"; sourceTree = "<group>"; };
		1218BCE71B1C2DFF008D49A1 /* NSString+Helper.h */ = {isa = PBXFileReference; fileEncoding = 4; lastKnownFileType = sourcecode.c.h; path = "NSString+Helper.h"; sourceTree = "<group>"; };
		1218BCE81B1C2DFF008D49A1 /* NSString+Helper.m */ = {isa = PBXFileReference; fileEncoding = 4; lastKnownFileType = sourcecode.c.objc; path = "NSString+Helper.m"; sourceTree = "<group>"; };
		1218BCE91B1C2DFF008D49A1 /* NSString+isEmpty.h */ = {isa = PBXFileReference; fileEncoding = 4; lastKnownFileType = sourcecode.c.h; path = "NSString+isEmpty.h"; sourceTree = "<group>"; };
		1218BCEA1B1C2DFF008D49A1 /* NSString+isEmpty.m */ = {isa = PBXFileReference; fileEncoding = 4; lastKnownFileType = sourcecode.c.objc; path = "NSString+isEmpty.m"; sourceTree = "<group>"; };
		1218BCEB1B1C2DFF008D49A1 /* UIAlertView+Blocks.h */ = {isa = PBXFileReference; fileEncoding = 4; lastKnownFileType = sourcecode.c.h; path = "UIAlertView+Blocks.h"; sourceTree = "<group>"; };
		1218BCEC1B1C2DFF008D49A1 /* UIAlertView+Blocks.m */ = {isa = PBXFileReference; fileEncoding = 4; lastKnownFileType = sourcecode.c.objc; path = "UIAlertView+Blocks.m"; sourceTree = "<group>"; };
		1218BCED1B1C2DFF008D49A1 /* UIColor+HexConvert.h */ = {isa = PBXFileReference; fileEncoding = 4; lastKnownFileType = sourcecode.c.h; path = "UIColor+HexConvert.h"; sourceTree = "<group>"; };
		1218BCEE1B1C2DFF008D49A1 /* UIColor+HexConvert.m */ = {isa = PBXFileReference; fileEncoding = 4; lastKnownFileType = sourcecode.c.objc; path = "UIColor+HexConvert.m"; sourceTree = "<group>"; };
		1218BCF11B1C2DFF008D49A1 /* UIImage+animatedGIF.h */ = {isa = PBXFileReference; fileEncoding = 4; lastKnownFileType = sourcecode.c.h; path = "UIImage+animatedGIF.h"; sourceTree = "<group>"; };
		1218BCF21B1C2DFF008D49A1 /* UIImage+animatedGIF.m */ = {isa = PBXFileReference; fileEncoding = 4; lastKnownFileType = sourcecode.c.objc; path = "UIImage+animatedGIF.m"; sourceTree = "<group>"; };
		1218BCF31B1C2DFF008D49A1 /* UIImage+ImageCompression.h */ = {isa = PBXFileReference; fileEncoding = 4; lastKnownFileType = sourcecode.c.h; path = "UIImage+ImageCompression.h"; sourceTree = "<group>"; };
		1218BCF41B1C2DFF008D49A1 /* UIImage+ImageCompression.m */ = {isa = PBXFileReference; fileEncoding = 4; lastKnownFileType = sourcecode.c.objc; path = "UIImage+ImageCompression.m"; sourceTree = "<group>"; };
		1218BCF51B1C2DFF008D49A1 /* UIPopoverController+Tag.h */ = {isa = PBXFileReference; fileEncoding = 4; lastKnownFileType = sourcecode.c.h; path = "UIPopoverController+Tag.h"; sourceTree = "<group>"; };
		1218BCF61B1C2DFF008D49A1 /* UIPopoverController+Tag.m */ = {isa = PBXFileReference; fileEncoding = 4; lastKnownFileType = sourcecode.c.objc; path = "UIPopoverController+Tag.m"; sourceTree = "<group>"; };
		1218BCF71B1C2DFF008D49A1 /* UIView+Screenshot.h */ = {isa = PBXFileReference; fileEncoding = 4; lastKnownFileType = sourcecode.c.h; path = "UIView+Screenshot.h"; sourceTree = "<group>"; };
		1218BCF81B1C2DFF008D49A1 /* UIView+Screenshot.m */ = {isa = PBXFileReference; fileEncoding = 4; lastKnownFileType = sourcecode.c.objc; path = "UIView+Screenshot.m"; sourceTree = "<group>"; };
		1218BD0B1B1C2F44008D49A1 /* CoreLib-Prefix.pch */ = {isa = PBXFileReference; fileEncoding = 4; lastKnownFileType = sourcecode.c.h; name = "CoreLib-Prefix.pch"; path = "CoreLib/CoreLib-Prefix.pch"; sourceTree = "<group>"; };
		1218BD0F1B1C30BD008D49A1 /* PRPDebug.h */ = {isa = PBXFileReference; fileEncoding = 4; lastKnownFileType = sourcecode.c.h; path = PRPDebug.h; sourceTree = "<group>"; };
		1218BD101B1C30BD008D49A1 /* PRPDebug.m */ = {isa = PBXFileReference; fileEncoding = 4; lastKnownFileType = sourcecode.c.objc; path = PRPDebug.m; sourceTree = "<group>"; };
		1218BD111B1C30BD008D49A1 /* RNAssert.h */ = {isa = PBXFileReference; fileEncoding = 4; lastKnownFileType = sourcecode.c.h; path = RNAssert.h; sourceTree = "<group>"; };
		1218BD121B1C30BD008D49A1 /* SimpleFolderTools.h */ = {isa = PBXFileReference; fileEncoding = 4; lastKnownFileType = sourcecode.c.h; path = SimpleFolderTools.h; sourceTree = "<group>"; };
		1218BD131B1C30BD008D49A1 /* SimpleFolderTools.m */ = {isa = PBXFileReference; fileEncoding = 4; lastKnownFileType = sourcecode.c.objc; path = SimpleFolderTools.m; sourceTree = "<group>"; };
		1218BD221B1C320C008D49A1 /* NSDictionary+SafeObjectForKey.h */ = {isa = PBXFileReference; fileEncoding = 4; lastKnownFileType = sourcecode.c.h; path = "NSDictionary+SafeObjectForKey.h"; sourceTree = "<group>"; };
		1218BD231B1C320C008D49A1 /* NSDictionary+SafeObjectForKey.m */ = {isa = PBXFileReference; fileEncoding = 4; lastKnownFileType = sourcecode.c.objc; path = "NSDictionary+SafeObjectForKey.m"; sourceTree = "<group>"; };
		1218BD241B1C320C008D49A1 /* NSMutableDictionary+SafeSetObjectForKey.h */ = {isa = PBXFileReference; fileEncoding = 4; lastKnownFileType = sourcecode.c.h; path = "NSMutableDictionary+SafeSetObjectForKey.h"; sourceTree = "<group>"; };
		1218BD251B1C320C008D49A1 /* NSMutableDictionary+SafeSetObjectForKey.m */ = {isa = PBXFileReference; fileEncoding = 4; lastKnownFileType = sourcecode.c.objc; path = "NSMutableDictionary+SafeSetObjectForKey.m"; sourceTree = "<group>"; };
		1218BD291B1C3393008D49A1 /* SimpleProgressBar.h */ = {isa = PBXFileReference; fileEncoding = 4; lastKnownFileType = sourcecode.c.h; path = SimpleProgressBar.h; sourceTree = "<group>"; };
		1218BD2A1B1C3393008D49A1 /* SimpleProgressBar.m */ = {isa = PBXFileReference; fileEncoding = 4; lastKnownFileType = sourcecode.c.objc; path = SimpleProgressBar.m; sourceTree = "<group>"; };
		1218BD2B1B1C3393008D49A1 /* SimpleToast.h */ = {isa = PBXFileReference; fileEncoding = 4; lastKnownFileType = sourcecode.c.h; path = SimpleToast.h; sourceTree = "<group>"; };
		1218BD2C1B1C3393008D49A1 /* SimpleToast.m */ = {isa = PBXFileReference; fileEncoding = 4; lastKnownFileType = sourcecode.c.objc; path = SimpleToast.m; sourceTree = "<group>"; };
		1218BD311B1C3924008D49A1 /* NSData+MKBase64.h */ = {isa = PBXFileReference; fileEncoding = 4; lastKnownFileType = sourcecode.c.h; path = "NSData+MKBase64.h"; sourceTree = "<group>"; };
		1218BD321B1C3924008D49A1 /* NSData+MKBase64.m */ = {isa = PBXFileReference; fileEncoding = 4; lastKnownFileType = sourcecode.c.objc; path = "NSData+MKBase64.m"; sourceTree = "<group>"; };
		1218BD331B1C3924008D49A1 /* NSDate+RFC1123.h */ = {isa = PBXFileReference; fileEncoding = 4; lastKnownFileType = sourcecode.c.h; path = "NSDate+RFC1123.h"; sourceTree = "<group>"; };
		1218BD341B1C3924008D49A1 /* NSDate+RFC1123.m */ = {isa = PBXFileReference; fileEncoding = 4; lastKnownFileType = sourcecode.c.objc; path = "NSDate+RFC1123.m"; sourceTree = "<group>"; };
		1218BD351B1C3924008D49A1 /* NSDictionary+RequestEncoding.h */ = {isa = PBXFileReference; fileEncoding = 4; lastKnownFileType = sourcecode.c.h; path = "NSDictionary+RequestEncoding.h"; sourceTree = "<group>"; };
		1218BD361B1C3924008D49A1 /* NSDictionary+RequestEncoding.m */ = {isa = PBXFileReference; fileEncoding = 4; lastKnownFileType = sourcecode.c.objc; path = "NSDictionary+RequestEncoding.m"; sourceTree = "<group>"; };
		1218BD371B1C3924008D49A1 /* NSString+MKNetworkKitAdditions.h */ = {isa = PBXFileReference; fileEncoding = 4; lastKnownFileType = sourcecode.c.h; path = "NSString+MKNetworkKitAdditions.h"; sourceTree = "<group>"; };
		1218BD381B1C3924008D49A1 /* NSString+MKNetworkKitAdditions.m */ = {isa = PBXFileReference; fileEncoding = 4; lastKnownFileType = sourcecode.c.objc; path = "NSString+MKNetworkKitAdditions.m"; sourceTree = "<group>"; };
		1218BD391B1C3924008D49A1 /* UIImageView+MKNetworkKitAdditions.h */ = {isa = PBXFileReference; fileEncoding = 4; lastKnownFileType = sourcecode.c.h; path = "UIImageView+MKNetworkKitAdditions.h"; sourceTree = "<group>"; };
		1218BD3A1B1C3924008D49A1 /* UIImageView+MKNetworkKitAdditions.m */ = {isa = PBXFileReference; fileEncoding = 4; lastKnownFileType = sourcecode.c.objc; path = "UIImageView+MKNetworkKitAdditions.m"; sourceTree = "<group>"; };
		1218BD3B1B1C3924008D49A1 /* MKNetworkEngine.h */ = {isa = PBXFileReference; fileEncoding = 4; lastKnownFileType = sourcecode.c.h; path = MKNetworkEngine.h; sourceTree = "<group>"; };
		1218BD3C1B1C3924008D49A1 /* MKNetworkEngine.m */ = {isa = PBXFileReference; fileEncoding = 4; lastKnownFileType = sourcecode.c.objc; path = MKNetworkEngine.m; sourceTree = "<group>"; };
		1218BD3D1B1C3924008D49A1 /* MKNetworkKit.h */ = {isa = PBXFileReference; fileEncoding = 4; lastKnownFileType = sourcecode.c.h; path = MKNetworkKit.h; sourceTree = "<group>"; };
		1218BD3E1B1C3924008D49A1 /* MKNetworkOperation.h */ = {isa = PBXFileReference; fileEncoding = 4; lastKnownFileType = sourcecode.c.h; path = MKNetworkOperation.h; sourceTree = "<group>"; };
		1218BD3F1B1C3924008D49A1 /* MKNetworkOperation.m */ = {isa = PBXFileReference; fileEncoding = 4; lastKnownFileType = sourcecode.c.objc; path = MKNetworkOperation.m; sourceTree = "<group>"; };
		1218BD411B1C3924008D49A1 /* MKReachability.h */ = {isa = PBXFileReference; fileEncoding = 4; lastKnownFileType = sourcecode.c.h; path = MKReachability.h; sourceTree = "<group>"; };
		1218BD421B1C3924008D49A1 /* MKReachability.m */ = {isa = PBXFileReference; fileEncoding = 4; lastKnownFileType = sourcecode.c.objc; path = MKReachability.m; sourceTree = "<group>"; };
		1218BD7B1B1C3A61008D49A1 /* IDomainBeanHelper.h */ = {isa = PBXFileReference; fileEncoding = 4; lastKnownFileType = sourcecode.c.h; path = IDomainBeanHelper.h; sourceTree = "<group>"; };
		1218BD7C1B1C3A61008D49A1 /* IParseNetRequestDomainBeanToDataDictionary.h */ = {isa = PBXFileReference; fileEncoding = 4; lastKnownFileType = sourcecode.c.h; path = IParseNetRequestDomainBeanToDataDictionary.h; sourceTree = "<group>"; };
		1218BD7D1B1C3A61008D49A1 /* BaseModel.h */ = {isa = PBXFileReference; fileEncoding = 4; lastKnownFileType = sourcecode.c.h; path = BaseModel.h; sourceTree = "<group>"; };
		1218BD7E1B1C3A61008D49A1 /* BaseModel.m */ = {isa = PBXFileReference; fileEncoding = 4; lastKnownFileType = sourcecode.c.objc; path = BaseModel.m; sourceTree = "<group>"; };
		1218BD801B1C3A61008D49A1 /* SimpleNetworkEngineSingleton.h */ = {isa = PBXFileReference; fileEncoding = 4; lastKnownFileType = sourcecode.c.h; path = SimpleNetworkEngineSingleton.h; sourceTree = "<group>"; };
		1218BD811B1C3A61008D49A1 /* SimpleNetworkEngineSingleton.m */ = {isa = PBXFileReference; fileEncoding = 4; lastKnownFileType = sourcecode.c.objc; path = SimpleNetworkEngineSingleton.m; sourceTree = "<group>"; };
		1218BD831B1C3A61008D49A1 /* IDomainBeanRequestPublicParams.h */ = {isa = PBXFileReference; fileEncoding = 4; lastKnownFileType = sourcecode.c.h; path = IDomainBeanRequestPublicParams.h; sourceTree = "<group>"; };
		1218BD841B1C3A61008D49A1 /* IEngineHelper.h */ = {isa = PBXFileReference; fileEncoding = 4; lastKnownFileType = sourcecode.c.h; path = IEngineHelper.h; sourceTree = "<group>"; };
		1218BD851B1C3A61008D49A1 /* INetRequestParamsPackage.h */ = {isa = PBXFileReference; fileEncoding = 4; lastKnownFileType = sourcecode.c.h; path = INetRequestParamsPackage.h; sourceTree = "<group>"; };
		1218BD861B1C3A61008D49A1 /* INetResponseDataToNSDictionary.h */ = {isa = PBXFileReference; fileEncoding = 4; lastKnownFileType = sourcecode.c.h; path = INetResponseDataToNSDictionary.h; sourceTree = "<group>"; };
		1218BD871B1C3A61008D49A1 /* INetResponseRawEntityDataUnpack.h */ = {isa = PBXFileReference; fileEncoding = 4; lastKnownFileType = sourcecode.c.h; path = INetResponseRawEntityDataUnpack.h; sourceTree = "<group>"; };
		1218BD881B1C3A61008D49A1 /* IServerResponseDataValidityTest.h */ = {isa = PBXFileReference; fileEncoding = 4; lastKnownFileType = sourcecode.c.h; path = IServerResponseDataValidityTest.h; sourceTree = "<group>"; };
		1218BD891B1C3A61008D49A1 /* ISpliceFullUrlByDomainBeanSpecialPath.h */ = {isa = PBXFileReference; fileEncoding = 4; lastKnownFileType = sourcecode.c.h; path = ISpliceFullUrlByDomainBeanSpecialPath.h; sourceTree = "<group>"; };
		1218BD8B1B1C3A61008D49A1 /* Errors_en_US.plist */ = {isa = PBXFileReference; fileEncoding = 4; lastKnownFileType = text.plist.xml; path = Errors_en_US.plist; sourceTree = "<group>"; };
		1218BD8C1B1C3A61008D49A1 /* Errors_zh_CN.plist */ = {isa = PBXFileReference; fileEncoding = 4; lastKnownFileType = text.plist.xml; path = Errors_zh_CN.plist; sourceTree = "<group>"; };
		1218BD8D1B1C3A61008D49A1 /* ErrorBean.h */ = {isa = PBXFileReference; fileEncoding = 4; lastKnownFileType = sourcecode.c.h; path = ErrorBean.h; sourceTree = "<group>"; };
		1218BD8E1B1C3A61008D49A1 /* ErrorBean.m */ = {isa = PBXFileReference; fileEncoding = 4; lastKnownFileType = sourcecode.c.objc; path = ErrorBean.m; sourceTree = "<group>"; };
		1218BD8F1B1C3A61008D49A1 /* ErrorCodeEnum.h */ = {isa = PBXFileReference; fileEncoding = 4; lastKnownFileType = sourcecode.c.h; path = ErrorCodeEnum.h; sourceTree = "<group>"; };
		1218BD911B1C3A61008D49A1 /* INetLayerInterface.h */ = {isa = PBXFileReference; fileEncoding = 4; lastKnownFileType = sourcecode.c.h; path = INetLayerInterface.h; sourceTree = "<group>"; };
		1218BD921B1C3A61008D49A1 /* INetRequestIsCancelled.h */ = {isa = PBXFileReference; fileEncoding = 4; lastKnownFileType = sourcecode.c.h; path = INetRequestIsCancelled.h; sourceTree = "<group>"; };
		1218BD931B1C3A61008D49A1 /* INetRequestHandle.h */ = {isa = PBXFileReference; fileEncoding = 4; lastKnownFileType = sourcecode.c.h; path = INetRequestHandle.h; sourceTree = "<group>"; };
		1218BD941B1C3A61008D49A1 /* NetRequestHandleNilObject.h */ = {isa = PBXFileReference; fileEncoding = 4; lastKnownFileType = sourcecode.c.h; path = NetRequestHandleNilObject.h; sourceTree = "<group>"; };
		1218BD951B1C3A61008D49A1 /* NetRequestHandleNilObject.m */ = {isa = PBXFileReference; fileEncoding = 4; lastKnownFileType = sourcecode.c.objc; path = NetRequestHandleNilObject.m; sourceTree = "<group>"; };
		1218BDB81B1C4B08008D49A1 /* EngineHelperSingleton.h */ = {isa = PBXFileReference; fileEncoding = 4; lastKnownFileType = sourcecode.c.h; path = EngineHelperSingleton.h; sourceTree = "<group>"; };
		1218BDB91B1C4B08008D49A1 /* EngineHelperSingleton.m */ = {isa = PBXFileReference; fileEncoding = 4; lastKnownFileType = sourcecode.c.objc; path = EngineHelperSingleton.m; sourceTree = "<group>"; };
		1218BDBB1B1C4B08008D49A1 /* DomainBeanRequestPublicParams.h */ = {isa = PBXFileReference; fileEncoding = 4; lastKnownFileType = sourcecode.c.h; path = DomainBeanRequestPublicParams.h; sourceTree = "<group>"; };
		1218BDBC1B1C4B08008D49A1 /* DomainBeanRequestPublicParams.m */ = {isa = PBXFileReference; fileEncoding = 4; lastKnownFileType = sourcecode.c.objc; path = DomainBeanRequestPublicParams.m; sourceTree = "<group>"; };
		1218BDBD1B1C4B08008D49A1 /* NetRequestParamsPackage.h */ = {isa = PBXFileReference; fileEncoding = 4; lastKnownFileType = sourcecode.c.h; path = NetRequestParamsPackage.h; sourceTree = "<group>"; };
		1218BDBE1B1C4B08008D49A1 /* NetRequestParamsPackage.m */ = {isa = PBXFileReference; fileEncoding = 4; lastKnownFileType = sourcecode.c.objc; path = NetRequestParamsPackage.m; sourceTree = "<group>"; };
		1218BDBF1B1C4B08008D49A1 /* NetResponseDataToNSDictionary.h */ = {isa = PBXFileReference; fileEncoding = 4; lastKnownFileType = sourcecode.c.h; path = NetResponseDataToNSDictionary.h; sourceTree = "<group>"; };
		1218BDC01B1C4B08008D49A1 /* NetResponseDataToNSDictionary.m */ = {isa = PBXFileReference; fileEncoding = 4; lastKnownFileType = sourcecode.c.objc; path = NetResponseDataToNSDictionary.m; sourceTree = "<group>"; };
		1218BDC11B1C4B08008D49A1 /* NetResponseRawEntityDataUnpack.h */ = {isa = PBXFileReference; fileEncoding = 4; lastKnownFileType = sourcecode.c.h; path = NetResponseRawEntityDataUnpack.h; sourceTree = "<group>"; };
		1218BDC21B1C4B08008D49A1 /* NetResponseRawEntityDataUnpack.m */ = {isa = PBXFileReference; fileEncoding = 4; lastKnownFileType = sourcecode.c.objc; path = NetResponseRawEntityDataUnpack.m; sourceTree = "<group>"; };
		1218BDC31B1C4B08008D49A1 /* ServerResponseDataValidityTest.h */ = {isa = PBXFileReference; fileEncoding = 4; lastKnownFileType = sourcecode.c.h; path = ServerResponseDataValidityTest.h; sourceTree = "<group>"; };
		1218BDC41B1C4B08008D49A1 /* ServerResponseDataValidityTest.m */ = {isa = PBXFileReference; fileEncoding = 4; lastKnownFileType = sourcecode.c.objc; path = ServerResponseDataValidityTest.m; sourceTree = "<group>"; };
		1218BDC51B1C4B08008D49A1 /* SpliceFullUrlByDomainBeanSpecialPath.h */ = {isa = PBXFileReference; fileEncoding = 4; lastKnownFileType = sourcecode.c.h; path = SpliceFullUrlByDomainBeanSpecialPath.h; sourceTree = "<group>"; };
		1218BDC61B1C4B08008D49A1 /* SpliceFullUrlByDomainBeanSpecialPath.m */ = {isa = PBXFileReference; fileEncoding = 4; lastKnownFileType = sourcecode.c.objc; path = SpliceFullUrlByDomainBeanSpecialPath.m; sourceTree = "<group>"; };
		1218BDCF1B1C4CDB008D49A1 /* HttpEngineOfMKNetworkKitSingleton.h */ = {isa = PBXFileReference; fileEncoding = 4; lastKnownFileType = sourcecode.c.h; path = HttpEngineOfMKNetworkKitSingleton.h; sourceTree = "<group>"; };
		1218BDD01B1C4CDB008D49A1 /* HttpEngineOfMKNetworkKitSingleton.m */ = {isa = PBXFileReference; fileEncoding = 4; lastKnownFileType = sourcecode.c.objc; path = HttpEngineOfMKNetworkKitSingleton.m; sourceTree = "<group>"; };
		1218BDD11B1C4CDB008D49A1 /* HttpRequestHandleOfMKNetworkKit.h */ = {isa = PBXFileReference; fileEncoding = 4; lastKnownFileType = sourcecode.c.h; path = HttpRequestHandleOfMKNetworkKit.h; sourceTree = "<group>"; };
		1218BDD21B1C4CDB008D49A1 /* HttpRequestHandleOfMKNetworkKit.m */ = {isa = PBXFileReference; fileEncoding = 4; lastKnownFileType = sourcecode.c.objc; path = HttpRequestHandleOfMKNetworkKit.m; sourceTree = "<group>"; };
		1218BDD61B1C516E008D49A1 /* NetworkInterfaceMappingSingleton.h */ = {isa = PBXFileReference; fileEncoding = 4; lastKnownFileType = sourcecode.c.h; path = NetworkInterfaceMappingSingleton.h; sourceTree = "<group>"; };
		1218BDD71B1C516E008D49A1 /* NetworkInterfaceMappingSingleton.m */ = {isa = PBXFileReference; fileEncoding = 4; lastKnownFileType = sourcecode.c.objc; path = NetworkInterfaceMappingSingleton.m; sourceTree = "<group>"; };
		12B592251B1D7BE600982834 /* AccessToken.h */ = {isa = PBXFileReference; fileEncoding = 4; lastKnownFileType = sourcecode.c.h; path = AccessToken.h; sourceTree = "<group>"; };
		12B592261B1D7BE600982834 /* AccessToken.m */ = {isa = PBXFileReference; fileEncoding = 4; lastKnownFileType = sourcecode.c.objc; path = AccessToken.m; sourceTree = "<group>"; };
		12B592271B1D7BE600982834 /* LoginDatabaseFieldsConstant.h */ = {isa = PBXFileReference; fileEncoding = 4; lastKnownFileType = sourcecode.c.h; path = LoginDatabaseFieldsConstant.h; sourceTree = "<group>"; };
		12B592281B1D7BE600982834 /* LoginDomainBeanHelper.h */ = {isa = PBXFileReference; fileEncoding = 4; lastKnownFileType = sourcecode.c.h; path = LoginDomainBeanHelper.h; sourceTree = "<group>"; };
		12B592291B1D7BE600982834 /* LoginDomainBeanHelper.m */ = {isa = PBXFileReference; fileEncoding = 4; lastKnownFileType = sourcecode.c.objc; path = LoginDomainBeanHelper.m; sourceTree = "<group>"; };
		12B5922A1B1D7BE600982834 /* LoginNetRequestBean.h */ = {isa = PBXFileReference; fileEncoding = 4; lastKnownFileType = sourcecode.c.h; path = LoginNetRequestBean.h; sourceTree = "<group>"; };
		12B5922B1B1D7BE600982834 /* LoginNetRequestBean.m */ = {isa = PBXFileReference; fileEncoding = 4; lastKnownFileType = sourcecode.c.objc; path = LoginNetRequestBean.m; sourceTree = "<group>"; };
		12B5922C1B1D7BE600982834 /* LoginNetRespondBean.h */ = {isa = PBXFileReference; fileEncoding = 4; lastKnownFileType = sourcecode.c.h; path = LoginNetRespondBean.h; sourceTree = "<group>"; };
		12B5922D1B1D7BE600982834 /* LoginNetRespondBean.m */ = {isa = PBXFileReference; fileEncoding = 4; lastKnownFileType = sourcecode.c.objc; path = LoginNetRespondBean.m; sourceTree = "<group>"; };
		12B5922E1B1D7BE600982834 /* LoginParseDomainBeanToDD.h */ = {isa = PBXFileReference; fileEncoding = 4; lastKnownFileType = sourcecode.c.h; path = LoginParseDomainBeanToDD.h; sourceTree = "<group>"; };
		12B5922F1B1D7BE600982834 /* LoginParseDomainBeanToDD.m */ = {isa = PBXFileReference; fileEncoding = 4; lastKnownFileType = sourcecode.c.objc; path = LoginParseDomainBeanToDD.m; sourceTree = "<group>"; };
		12B592301B1D7BE600982834 /* UserInfo.h */ = {isa = PBXFileReference; fileEncoding = 4; lastKnownFileType = sourcecode.c.h; path = UserInfo.h; sourceTree = "<group>"; };
		12B592311B1D7BE600982834 /* UserInfo.m */ = {isa = PBXFileReference; fileEncoding = 4; lastKnownFileType = sourcecode.c.objc; path = UserInfo.m; sourceTree = "<group>"; };
		12B592381B1D857700982834 /* UrlConstantForThisProject.h */ = {isa = PBXFileReference; fileEncoding = 4; lastKnownFileType = sourcecode.c.h; path = UrlConstantForThisProject.h; sourceTree = "<group>"; };
		12B592391B1D857700982834 /* UrlConstantForThisProject.m */ = {isa = PBXFileReference; fileEncoding = 4; lastKnownFileType = sourcecode.c.objc; path = UrlConstantForThisProject.m; sourceTree = "<group>"; };
		12B5923C1B1D92D100982834 /* GlobalDataCacheForDisk.h */ = {isa = PBXFileReference; fileEncoding = 4; lastKnownFileType = sourcecode.c.h; path = GlobalDataCacheForDisk.h; sourceTree = "<group>"; };
		12B5923D1B1D92D100982834 /* GlobalDataCacheForDisk.m */ = {isa = PBXFileReference; fileEncoding = 4; lastKnownFileType = sourcecode.c.objc; path = GlobalDataCacheForDisk.m; sourceTree = "<group>"; };
		12B5923E1B1D92D100982834 /* GlobalDataCacheForMemorySingleton.h */ = {isa = PBXFileReference; fileEncoding = 4; lastKnownFileType = sourcecode.c.h; path = GlobalDataCacheForMemorySingleton.h; sourceTree = "<group>"; };
		12B5923F1B1D92D100982834 /* GlobalDataCacheForMemorySingleton.m */ = {isa = PBXFileReference; fileEncoding = 4; lastKnownFileType = sourcecode.c.objc; path = GlobalDataCacheForMemorySingleton.m; sourceTree = "<group>"; };
		12B592401B1D92D100982834 /* LocalCacheDataPathConstant.h */ = {isa = PBXFileReference; fileEncoding = 4; lastKnownFileType = sourcecode.c.h; path = LocalCacheDataPathConstant.h; sourceTree = "<group>"; };
		12B592411B1D92D100982834 /* LocalCacheDataPathConstant.m */ = {isa = PBXFileReference; fileEncoding = 4; lastKnownFileType = sourcecode.c.objc; path = LocalCacheDataPathConstant.m; sourceTree = "<group>"; };
		12B592461B1D950C00982834 /* ProjectHelper.h */ = {isa = PBXFileReference; fileEncoding = 4; lastKnownFileType = sourcecode.c.h; path = ProjectHelper.h; sourceTree = "<group>"; };
		12B592471B1D950C00982834 /* ProjectHelper.m */ = {isa = PBXFileReference; fileEncoding = 4; lastKnownFileType = sourcecode.c.objc; path = ProjectHelper.m; sourceTree = "<group>"; };
/* End PBXFileReference section */

/* Begin PBXFrameworksBuildPhase section */
		1218BCBD1B1C2B61008D49A1 /* Frameworks */ = {
			isa = PBXFrameworksBuildPhase;
			buildActionMask = 2147483647;
			files = (
			);
			runOnlyForDeploymentPostprocessing = 0;
		};
		1218BCC81B1C2B61008D49A1 /* Frameworks */ = {
			isa = PBXFrameworksBuildPhase;
			buildActionMask = 2147483647;
			files = (
				1218BCCC1B1C2B61008D49A1 /* libCoreLib.a in Frameworks */,
			);
			runOnlyForDeploymentPostprocessing = 0;
		};
/* End PBXFrameworksBuildPhase section */

/* Begin PBXGroup section */
		1218BCB71B1C2B61008D49A1 = {
			isa = PBXGroup;
			children = (
				1218BD0B1B1C2F44008D49A1 /* CoreLib-Prefix.pch */,
				1218BCC21B1C2B61008D49A1 /* CoreLib */,
				1218BCCF1B1C2B61008D49A1 /* CoreLibTests */,
				1218BCC11B1C2B61008D49A1 /* Products */,
			);
			sourceTree = "<group>";
		};
		1218BCC11B1C2B61008D49A1 /* Products */ = {
			isa = PBXGroup;
			children = (
				1218BCC01B1C2B61008D49A1 /* libCoreLib.a */,
				1218BCCB1B1C2B61008D49A1 /* CoreLibTests.xctest */,
			);
			name = Products;
			sourceTree = "<group>";
		};
		1218BCC21B1C2B61008D49A1 /* CoreLib */ = {
			isa = PBXGroup;
			children = (
				12B5923B1B1D92D100982834 /* GlobalDataCache */,
				1218BDD51B1C516E008D49A1 /* DomainBeanModel */,
				1218BD9A1B1C4503008D49A1 /* EngineHelper */,
				1218BDA71B1C4504008D49A1 /* HttpEngine */,
				1218BD791B1C3A61008D49A1 /* SimpleNetworkEngine */,
				1218BD2F1B1C3924008D49A1 /* MKNetworkKit */,
				1218BD0C1B1C30BD008D49A1 /* ToolUtils */,
				1218BCDC1B1C2DFF008D49A1 /* Category */,
			);
			path = CoreLib;
			sourceTree = "<group>";
		};
		1218BCCF1B1C2B61008D49A1 /* CoreLibTests */ = {
			isa = PBXGroup;
			children = (
				1218BCD01B1C2B61008D49A1 /* Supporting Files */,
			);
			path = CoreLibTests;
			sourceTree = "<group>";
		};
		1218BCD01B1C2B61008D49A1 /* Supporting Files */ = {
			isa = PBXGroup;
			children = (
				1218BCD11B1C2B61008D49A1 /* Info.plist */,
			);
			name = "Supporting Files";
			sourceTree = "<group>";
		};
		1218BCDC1B1C2DFF008D49A1 /* Category */ = {
			isa = PBXGroup;
			children = (
				1218BD221B1C320C008D49A1 /* NSDictionary+SafeObjectForKey.h */,
				1218BD231B1C320C008D49A1 /* NSDictionary+SafeObjectForKey.m */,
				1218BD241B1C320C008D49A1 /* NSMutableDictionary+SafeSetObjectForKey.h */,
				1218BD251B1C320C008D49A1 /* NSMutableDictionary+SafeSetObjectForKey.m */,
				1218BCDD1B1C2DFF008D49A1 /* NSDictionary+Contain.h */,
				1218BCDE1B1C2DFF008D49A1 /* NSDictionary+Contain.m */,
				1218BCE31B1C2DFF008D49A1 /* NSObject+DeepCopyingSupport.h */,
				1218BCE41B1C2DFF008D49A1 /* NSObject+DeepCopyingSupport.m */,
				1218BCE51B1C2DFF008D49A1 /* NSObject+Serialization.h */,
				1218BCE61B1C2DFF008D49A1 /* NSObject+Serialization.m */,
				1218BCE71B1C2DFF008D49A1 /* NSString+Helper.h */,
				1218BCE81B1C2DFF008D49A1 /* NSString+Helper.m */,
				1218BCE91B1C2DFF008D49A1 /* NSString+isEmpty.h */,
				1218BCEA1B1C2DFF008D49A1 /* NSString+isEmpty.m */,
				1218BCEB1B1C2DFF008D49A1 /* UIAlertView+Blocks.h */,
				1218BCEC1B1C2DFF008D49A1 /* UIAlertView+Blocks.m */,
				1218BCED1B1C2DFF008D49A1 /* UIColor+HexConvert.h */,
				1218BCEE1B1C2DFF008D49A1 /* UIColor+HexConvert.m */,
				1218BCF11B1C2DFF008D49A1 /* UIImage+animatedGIF.h */,
				1218BCF21B1C2DFF008D49A1 /* UIImage+animatedGIF.m */,
				1218BCF31B1C2DFF008D49A1 /* UIImage+ImageCompression.h */,
				1218BCF41B1C2DFF008D49A1 /* UIImage+ImageCompression.m */,
				1218BCF51B1C2DFF008D49A1 /* UIPopoverController+Tag.h */,
				1218BCF61B1C2DFF008D49A1 /* UIPopoverController+Tag.m */,
				1218BCF71B1C2DFF008D49A1 /* UIView+Screenshot.h */,
				1218BCF81B1C2DFF008D49A1 /* UIView+Screenshot.m */,
			);
			path = Category;
			sourceTree = "<group>";
		};
		1218BD0C1B1C30BD008D49A1 /* ToolUtils */ = {
			isa = PBXGroup;
			children = (
				12B592461B1D950C00982834 /* ProjectHelper.h */,
				12B592471B1D950C00982834 /* ProjectHelper.m */,
				1218BD291B1C3393008D49A1 /* SimpleProgressBar.h */,
				1218BD2A1B1C3393008D49A1 /* SimpleProgressBar.m */,
				1218BD2B1B1C3393008D49A1 /* SimpleToast.h */,
				1218BD2C1B1C3393008D49A1 /* SimpleToast.m */,
				1218BD0F1B1C30BD008D49A1 /* PRPDebug.h */,
				1218BD101B1C30BD008D49A1 /* PRPDebug.m */,
				1218BD111B1C30BD008D49A1 /* RNAssert.h */,
				1218BD121B1C30BD008D49A1 /* SimpleFolderTools.h */,
				1218BD131B1C30BD008D49A1 /* SimpleFolderTools.m */,
			);
			path = ToolUtils;
			sourceTree = "<group>";
		};
		1218BD2F1B1C3924008D49A1 /* MKNetworkKit */ = {
			isa = PBXGroup;
			children = (
				1218BD301B1C3924008D49A1 /* Categories */,
				1218BD3B1B1C3924008D49A1 /* MKNetworkEngine.h */,
				1218BD3C1B1C3924008D49A1 /* MKNetworkEngine.m */,
				1218BD3D1B1C3924008D49A1 /* MKNetworkKit.h */,
				1218BD3E1B1C3924008D49A1 /* MKNetworkOperation.h */,
				1218BD3F1B1C3924008D49A1 /* MKNetworkOperation.m */,
				1218BD401B1C3924008D49A1 /* Reachability */,
			);
			path = MKNetworkKit;
			sourceTree = "<group>";
		};
		1218BD301B1C3924008D49A1 /* Categories */ = {
			isa = PBXGroup;
			children = (
				1218BD311B1C3924008D49A1 /* NSData+MKBase64.h */,
				1218BD321B1C3924008D49A1 /* NSData+MKBase64.m */,
				1218BD331B1C3924008D49A1 /* NSDate+RFC1123.h */,
				1218BD341B1C3924008D49A1 /* NSDate+RFC1123.m */,
				1218BD351B1C3924008D49A1 /* NSDictionary+RequestEncoding.h */,
				1218BD361B1C3924008D49A1 /* NSDictionary+RequestEncoding.m */,
				1218BD371B1C3924008D49A1 /* NSString+MKNetworkKitAdditions.h */,
				1218BD381B1C3924008D49A1 /* NSString+MKNetworkKitAdditions.m */,
				1218BD391B1C3924008D49A1 /* UIImageView+MKNetworkKitAdditions.h */,
				1218BD3A1B1C3924008D49A1 /* UIImageView+MKNetworkKitAdditions.m */,
			);
			path = Categories;
			sourceTree = "<group>";
		};
		1218BD401B1C3924008D49A1 /* Reachability */ = {
			isa = PBXGroup;
			children = (
				1218BD411B1C3924008D49A1 /* MKReachability.h */,
				1218BD421B1C3924008D49A1 /* MKReachability.m */,
			);
			path = Reachability;
			sourceTree = "<group>";
		};
		1218BD791B1C3A61008D49A1 /* SimpleNetworkEngine */ = {
			isa = PBXGroup;
			children = (
				1218BD7A1B1C3A61008D49A1 /* DomainLayer */,
				1218BD7F1B1C3A61008D49A1 /* DomainNetLayer */,
				1218BD901B1C3A61008D49A1 /* NetLayer */,
				1218BD821B1C3A61008D49A1 /* EngineHelper */,
				1218BD8A1B1C3A61008D49A1 /* ErrorBean */,
			);
			path = SimpleNetworkEngine;
			sourceTree = "<group>";
		};
		1218BD7A1B1C3A61008D49A1 /* DomainLayer */ = {
			isa = PBXGroup;
			children = (
				1218BD7B1B1C3A61008D49A1 /* IDomainBeanHelper.h */,
				1218BD7C1B1C3A61008D49A1 /* IParseNetRequestDomainBeanToDataDictionary.h */,
				1218BD7D1B1C3A61008D49A1 /* BaseModel.h */,
				1218BD7E1B1C3A61008D49A1 /* BaseModel.m */,
			);
			path = DomainLayer;
			sourceTree = "<group>";
		};
		1218BD7F1B1C3A61008D49A1 /* DomainNetLayer */ = {
			isa = PBXGroup;
			children = (
				1218BD801B1C3A61008D49A1 /* SimpleNetworkEngineSingleton.h */,
				1218BD811B1C3A61008D49A1 /* SimpleNetworkEngineSingleton.m */,
			);
			path = DomainNetLayer;
			sourceTree = "<group>";
		};
		1218BD821B1C3A61008D49A1 /* EngineHelper */ = {
			isa = PBXGroup;
			children = (
				1218BD831B1C3A61008D49A1 /* IDomainBeanRequestPublicParams.h */,
				1218BD841B1C3A61008D49A1 /* IEngineHelper.h */,
				1218BD851B1C3A61008D49A1 /* INetRequestParamsPackage.h */,
				1218BD861B1C3A61008D49A1 /* INetResponseDataToNSDictionary.h */,
				1218BD871B1C3A61008D49A1 /* INetResponseRawEntityDataUnpack.h */,
				1218BD881B1C3A61008D49A1 /* IServerResponseDataValidityTest.h */,
				1218BD891B1C3A61008D49A1 /* ISpliceFullUrlByDomainBeanSpecialPath.h */,
			);
			path = EngineHelper;
			sourceTree = "<group>";
		};
		1218BD8A1B1C3A61008D49A1 /* ErrorBean */ = {
			isa = PBXGroup;
			children = (
				1218BD8B1B1C3A61008D49A1 /* Errors_en_US.plist */,
				1218BD8C1B1C3A61008D49A1 /* Errors_zh_CN.plist */,
				1218BD8D1B1C3A61008D49A1 /* ErrorBean.h */,
				1218BD8E1B1C3A61008D49A1 /* ErrorBean.m */,
				1218BD8F1B1C3A61008D49A1 /* ErrorCodeEnum.h */,
			);
			path = ErrorBean;
			sourceTree = "<group>";
		};
		1218BD901B1C3A61008D49A1 /* NetLayer */ = {
			isa = PBXGroup;
			children = (
				1218BD911B1C3A61008D49A1 /* INetLayerInterface.h */,
				1218BD921B1C3A61008D49A1 /* INetRequestIsCancelled.h */,
				1218BD931B1C3A61008D49A1 /* INetRequestHandle.h */,
				1218BD941B1C3A61008D49A1 /* NetRequestHandleNilObject.h */,
				1218BD951B1C3A61008D49A1 /* NetRequestHandleNilObject.m */,
			);
			path = NetLayer;
			sourceTree = "<group>";
		};
		1218BD9A1B1C4503008D49A1 /* EngineHelper */ = {
			isa = PBXGroup;
			children = (
				1218BDB81B1C4B08008D49A1 /* EngineHelperSingleton.h */,
				1218BDB91B1C4B08008D49A1 /* EngineHelperSingleton.m */,
				1218BDBA1B1C4B08008D49A1 /* qyer */,
			);
			path = EngineHelper;
			sourceTree = "<group>";
		};
		1218BDA71B1C4504008D49A1 /* HttpEngine */ = {
			isa = PBXGroup;
			children = (
				1218BDCE1B1C4CDB008D49A1 /* MKNetwork */,
			);
			path = HttpEngine;
			sourceTree = "<group>";
		};
		1218BDBA1B1C4B08008D49A1 /* qyer */ = {
			isa = PBXGroup;
			children = (
				1218BDBB1B1C4B08008D49A1 /* DomainBeanRequestPublicParams.h */,
				1218BDBC1B1C4B08008D49A1 /* DomainBeanRequestPublicParams.m */,
				1218BDBD1B1C4B08008D49A1 /* NetRequestParamsPackage.h */,
				1218BDBE1B1C4B08008D49A1 /* NetRequestParamsPackage.m */,
				1218BDBF1B1C4B08008D49A1 /* NetResponseDataToNSDictionary.h */,
				1218BDC01B1C4B08008D49A1 /* NetResponseDataToNSDictionary.m */,
				1218BDC11B1C4B08008D49A1 /* NetResponseRawEntityDataUnpack.h */,
				1218BDC21B1C4B08008D49A1 /* NetResponseRawEntityDataUnpack.m */,
				1218BDC31B1C4B08008D49A1 /* ServerResponseDataValidityTest.h */,
				1218BDC41B1C4B08008D49A1 /* ServerResponseDataValidityTest.m */,
				1218BDC51B1C4B08008D49A1 /* SpliceFullUrlByDomainBeanSpecialPath.h */,
				1218BDC61B1C4B08008D49A1 /* SpliceFullUrlByDomainBeanSpecialPath.m */,
			);
			path = qyer;
			sourceTree = "<group>";
		};
		1218BDCE1B1C4CDB008D49A1 /* MKNetwork */ = {
			isa = PBXGroup;
			children = (
				1218BDCF1B1C4CDB008D49A1 /* HttpEngineOfMKNetworkKitSingleton.h */,
				1218BDD01B1C4CDB008D49A1 /* HttpEngineOfMKNetworkKitSingleton.m */,
				1218BDD11B1C4CDB008D49A1 /* HttpRequestHandleOfMKNetworkKit.h */,
				1218BDD21B1C4CDB008D49A1 /* HttpRequestHandleOfMKNetworkKit.m */,
			);
			path = MKNetwork;
			sourceTree = "<group>";
		};
		1218BDD51B1C516E008D49A1 /* DomainBeanModel */ = {
			isa = PBXGroup;
			children = (
				12B592381B1D857700982834 /* UrlConstantForThisProject.h */,
				12B592391B1D857700982834 /* UrlConstantForThisProject.m */,
				1218BDD61B1C516E008D49A1 /* NetworkInterfaceMappingSingleton.h */,
				1218BDD71B1C516E008D49A1 /* NetworkInterfaceMappingSingleton.m */,
				12B592241B1D7BE600982834 /* login */,
			);
			path = DomainBeanModel;
			sourceTree = "<group>";
		};
		12B592241B1D7BE600982834 /* login */ = {
			isa = PBXGroup;
			children = (
				12B592251B1D7BE600982834 /* AccessToken.h */,
				12B592261B1D7BE600982834 /* AccessToken.m */,
				12B592271B1D7BE600982834 /* LoginDatabaseFieldsConstant.h */,
				12B592281B1D7BE600982834 /* LoginDomainBeanHelper.h */,
				12B592291B1D7BE600982834 /* LoginDomainBeanHelper.m */,
				12B5922A1B1D7BE600982834 /* LoginNetRequestBean.h */,
				12B5922B1B1D7BE600982834 /* LoginNetRequestBean.m */,
				12B5922C1B1D7BE600982834 /* LoginNetRespondBean.h */,
				12B5922D1B1D7BE600982834 /* LoginNetRespondBean.m */,
				12B5922E1B1D7BE600982834 /* LoginParseDomainBeanToDD.h */,
				12B5922F1B1D7BE600982834 /* LoginParseDomainBeanToDD.m */,
				12B592301B1D7BE600982834 /* UserInfo.h */,
				12B592311B1D7BE600982834 /* UserInfo.m */,
			);
			path = login;
			sourceTree = "<group>";
		};
		12B5923B1B1D92D100982834 /* GlobalDataCache */ = {
			isa = PBXGroup;
			children = (
				12B5923C1B1D92D100982834 /* GlobalDataCacheForDisk.h */,
				12B5923D1B1D92D100982834 /* GlobalDataCacheForDisk.m */,
				12B5923E1B1D92D100982834 /* GlobalDataCacheForMemorySingleton.h */,
				12B5923F1B1D92D100982834 /* GlobalDataCacheForMemorySingleton.m */,
				12B592401B1D92D100982834 /* LocalCacheDataPathConstant.h */,
				12B592411B1D92D100982834 /* LocalCacheDataPathConstant.m */,
			);
			path = GlobalDataCache;
			sourceTree = "<group>";
		};
/* End PBXGroup section */

/* Begin PBXNativeTarget section */
		1218BCBF1B1C2B61008D49A1 /* CoreLib */ = {
			isa = PBXNativeTarget;
			buildConfigurationList = 1218BCD41B1C2B61008D49A1 /* Build configuration list for PBXNativeTarget "CoreLib" */;
			buildPhases = (
				1218BCBC1B1C2B61008D49A1 /* Sources */,
				1218BCBD1B1C2B61008D49A1 /* Frameworks */,
				1218BCBE1B1C2B61008D49A1 /* CopyFiles */,
			);
			buildRules = (
			);
			dependencies = (
			);
			name = CoreLib;
			productName = CoreLib;
			productReference = 1218BCC01B1C2B61008D49A1 /* libCoreLib.a */;
			productType = "com.apple.product-type.library.static";
		};
		1218BCCA1B1C2B61008D49A1 /* CoreLibTests */ = {
			isa = PBXNativeTarget;
			buildConfigurationList = 1218BCD71B1C2B61008D49A1 /* Build configuration list for PBXNativeTarget "CoreLibTests" */;
			buildPhases = (
				1218BCC71B1C2B61008D49A1 /* Sources */,
				1218BCC81B1C2B61008D49A1 /* Frameworks */,
				1218BCC91B1C2B61008D49A1 /* Resources */,
			);
			buildRules = (
			);
			dependencies = (
				1218BCCE1B1C2B61008D49A1 /* PBXTargetDependency */,
			);
			name = CoreLibTests;
			productName = CoreLibTests;
			productReference = 1218BCCB1B1C2B61008D49A1 /* CoreLibTests.xctest */;
			productType = "com.apple.product-type.bundle.unit-test";
		};
/* End PBXNativeTarget section */

/* Begin PBXProject section */
		1218BCB81B1C2B61008D49A1 /* Project object */ = {
			isa = PBXProject;
			attributes = {
				LastUpgradeCheck = 0630;
				ORGANIZATIONNAME = Skyduck;
				TargetAttributes = {
					1218BCBF1B1C2B61008D49A1 = {
						CreatedOnToolsVersion = 6.3.2;
					};
					1218BCCA1B1C2B61008D49A1 = {
						CreatedOnToolsVersion = 6.3.2;
					};
				};
			};
			buildConfigurationList = 1218BCBB1B1C2B61008D49A1 /* Build configuration list for PBXProject "CoreLib" */;
			compatibilityVersion = "Xcode 3.2";
			developmentRegion = English;
			hasScannedForEncodings = 0;
			knownRegions = (
				en,
			);
			mainGroup = 1218BCB71B1C2B61008D49A1;
			productRefGroup = 1218BCC11B1C2B61008D49A1 /* Products */;
			projectDirPath = "";
			projectRoot = "";
			targets = (
				1218BCBF1B1C2B61008D49A1 /* CoreLib */,
				1218BCCA1B1C2B61008D49A1 /* CoreLibTests */,
			);
		};
/* End PBXProject section */

/* Begin PBXResourcesBuildPhase section */
		1218BCC91B1C2B61008D49A1 /* Resources */ = {
			isa = PBXResourcesBuildPhase;
			buildActionMask = 2147483647;
			files = (
			);
			runOnlyForDeploymentPostprocessing = 0;
		};
/* End PBXResourcesBuildPhase section */

/* Begin PBXSourcesBuildPhase section */
		1218BCBC1B1C2B61008D49A1 /* Sources */ = {
			isa = PBXSourcesBuildPhase;
			buildActionMask = 2147483647;
			files = (
				1218BD971B1C3A61008D49A1 /* SimpleNetworkEngineSingleton.m in Sources */,
				1218BD031B1C2DFF008D49A1 /* UIImage+animatedGIF.m in Sources */,
				1218BD4A1B1C3924008D49A1 /* MKReachability.m in Sources */,
				12B592341B1D7BE600982834 /* LoginNetRequestBean.m in Sources */,
				1218BD981B1C3A61008D49A1 /* ErrorBean.m in Sources */,
				1218BD2D1B1C3393008D49A1 /* SimpleProgressBar.m in Sources */,
				1218BD961B1C3A61008D49A1 /* BaseModel.m in Sources */,
				1218BD061B1C2DFF008D49A1 /* UIView+Screenshot.m in Sources */,
				1218BD001B1C2DFF008D49A1 /* UIAlertView+Blocks.m in Sources */,
				1218BD2E1B1C3393008D49A1 /* SimpleToast.m in Sources */,
				1218BD441B1C3924008D49A1 /* NSDate+RFC1123.m in Sources */,
				1218BD471B1C3924008D49A1 /* UIImageView+MKNetworkKitAdditions.m in Sources */,
				1218BD1C1B1C30BD008D49A1 /* SimpleFolderTools.m in Sources */,
				1218BD271B1C320C008D49A1 /* NSDictionary+SafeObjectForKey.m in Sources */,
				1218BD1B1B1C30BD008D49A1 /* PRPDebug.m in Sources */,
				1218BD461B1C3924008D49A1 /* NSString+MKNetworkKitAdditions.m in Sources */,
				1218BCFF1B1C2DFF008D49A1 /* NSString+isEmpty.m in Sources */,
				1218BD011B1C2DFF008D49A1 /* UIColor+HexConvert.m in Sources */,
				1218BDCD1B1C4B08008D49A1 /* SpliceFullUrlByDomainBeanSpecialPath.m in Sources */,
				1218BD281B1C320C008D49A1 /* NSMutableDictionary+SafeSetObjectForKey.m in Sources */,
				12B592331B1D7BE600982834 /* LoginDomainBeanHelper.m in Sources */,
				1218BDCB1B1C4B08008D49A1 /* NetResponseRawEntityDataUnpack.m in Sources */,
				12B592361B1D7BE600982834 /* LoginParseDomainBeanToDD.m in Sources */,
				12B5923A1B1D857700982834 /* UrlConstantForThisProject.m in Sources */,
				1218BD991B1C3A61008D49A1 /* NetRequestHandleNilObject.m in Sources */,
				12B592431B1D92D100982834 /* GlobalDataCacheForDisk.m in Sources */,
				1218BD431B1C3924008D49A1 /* NSData+MKBase64.m in Sources */,
				1218BDC81B1C4B08008D49A1 /* DomainBeanRequestPublicParams.m in Sources */,
				1218BDC91B1C4B08008D49A1 /* NetRequestParamsPackage.m in Sources */,
				12B592481B1D950C00982834 /* ProjectHelper.m in Sources */,
				1218BD041B1C2DFF008D49A1 /* UIImage+ImageCompression.m in Sources */,
				12B592371B1D7BE600982834 /* UserInfo.m in Sources */,
				1218BCF91B1C2DFF008D49A1 /* NSDictionary+Contain.m in Sources */,
				12B592441B1D92D100982834 /* GlobalDataCacheForMemorySingleton.m in Sources */,
				1218BDC71B1C4B08008D49A1 /* EngineHelperSingleton.m in Sources */,
				12B592451B1D92D100982834 /* LocalCacheDataPathConstant.m in Sources */,
				12B592321B1D7BE600982834 /* AccessToken.m in Sources */,
				1218BDCA1B1C4B08008D49A1 /* NetResponseDataToNSDictionary.m in Sources */,
				1218BD451B1C3924008D49A1 /* NSDictionary+RequestEncoding.m in Sources */,
				1218BDD81B1C516E008D49A1 /* NetworkInterfaceMappingSingleton.m in Sources */,
				1218BD491B1C3924008D49A1 /* MKNetworkOperation.m in Sources */,
				1218BDD41B1C4CDB008D49A1 /* HttpRequestHandleOfMKNetworkKit.m in Sources */,
				1218BDD31B1C4CDB008D49A1 /* HttpEngineOfMKNetworkKitSingleton.m in Sources */,
				1218BD481B1C3924008D49A1 /* MKNetworkEngine.m in Sources */,
				12B592351B1D7BE600982834 /* LoginNetRespondBean.m in Sources */,
				1218BCFD1B1C2DFF008D49A1 /* NSObject+Serialization.m in Sources */,
				1218BCFC1B1C2DFF008D49A1 /* NSObject+DeepCopyingSupport.m in Sources */,
				1218BD051B1C2DFF008D49A1 /* UIPopoverController+Tag.m in Sources */,
				1218BDCC1B1C4B08008D49A1 /* ServerResponseDataValidityTest.m in Sources */,
				1218BCFE1B1C2DFF008D49A1 /* NSString+Helper.m in Sources */,
			);
			runOnlyForDeploymentPostprocessing = 0;
		};
		1218BCC71B1C2B61008D49A1 /* Sources */ = {
			isa = PBXSourcesBuildPhase;
			buildActionMask = 2147483647;
			files = (
			);
			runOnlyForDeploymentPostprocessing = 0;
		};
/* End PBXSourcesBuildPhase section */

/* Begin PBXTargetDependency section */
		1218BCCE1B1C2B61008D49A1 /* PBXTargetDependency */ = {
			isa = PBXTargetDependency;
			target = 1218BCBF1B1C2B61008D49A1 /* CoreLib */;
			targetProxy = 1218BCCD1B1C2B61008D49A1 /* PBXContainerItemProxy */;
		};
/* End PBXTargetDependency section */

/* Begin XCBuildConfiguration section */
		1218BCD21B1C2B61008D49A1 /* Debug */ = {
			isa = XCBuildConfiguration;
			buildSettings = {
				ALWAYS_SEARCH_USER_PATHS = NO;
				CLANG_CXX_LANGUAGE_STANDARD = "gnu++0x";
				CLANG_CXX_LIBRARY = "libc++";
				CLANG_ENABLE_MODULES = YES;
				CLANG_ENABLE_OBJC_ARC = YES;
				CLANG_WARN_BOOL_CONVERSION = YES;
				CLANG_WARN_CONSTANT_CONVERSION = YES;
				CLANG_WARN_DIRECT_OBJC_ISA_USAGE = YES_ERROR;
				CLANG_WARN_EMPTY_BODY = YES;
				CLANG_WARN_ENUM_CONVERSION = YES;
				CLANG_WARN_INT_CONVERSION = YES;
				CLANG_WARN_OBJC_ROOT_CLASS = YES_ERROR;
				CLANG_WARN_UNREACHABLE_CODE = YES;
				CLANG_WARN__DUPLICATE_METHOD_MATCH = YES;
				COPY_PHASE_STRIP = NO;
				DEBUG_INFORMATION_FORMAT = "dwarf-with-dsym";
				ENABLE_STRICT_OBJC_MSGSEND = YES;
				GCC_C_LANGUAGE_STANDARD = gnu99;
				GCC_DYNAMIC_NO_PIC = NO;
				GCC_NO_COMMON_BLOCKS = YES;
				GCC_OPTIMIZATION_LEVEL = 0;
				GCC_PREPROCESSOR_DEFINITIONS = (
					"DEBUG=1",
					"$(inherited)",
				);
				GCC_SYMBOLS_PRIVATE_EXTERN = NO;
				GCC_WARN_64_TO_32_BIT_CONVERSION = YES;
				GCC_WARN_ABOUT_RETURN_TYPE = YES_ERROR;
				GCC_WARN_UNDECLARED_SELECTOR = YES;
				GCC_WARN_UNINITIALIZED_AUTOS = YES_AGGRESSIVE;
				GCC_WARN_UNUSED_FUNCTION = YES;
				GCC_WARN_UNUSED_VARIABLE = YES;
				IPHONEOS_DEPLOYMENT_TARGET = 8.3;
				MTL_ENABLE_DEBUG_INFO = YES;
				ONLY_ACTIVE_ARCH = YES;
				SDKROOT = iphoneos;
			};
			name = Debug;
		};
		1218BCD31B1C2B61008D49A1 /* Release */ = {
			isa = XCBuildConfiguration;
			buildSettings = {
				ALWAYS_SEARCH_USER_PATHS = NO;
				CLANG_CXX_LANGUAGE_STANDARD = "gnu++0x";
				CLANG_CXX_LIBRARY = "libc++";
				CLANG_ENABLE_MODULES = YES;
				CLANG_ENABLE_OBJC_ARC = YES;
				CLANG_WARN_BOOL_CONVERSION = YES;
				CLANG_WARN_CONSTANT_CONVERSION = YES;
				CLANG_WARN_DIRECT_OBJC_ISA_USAGE = YES_ERROR;
				CLANG_WARN_EMPTY_BODY = YES;
				CLANG_WARN_ENUM_CONVERSION = YES;
				CLANG_WARN_INT_CONVERSION = YES;
				CLANG_WARN_OBJC_ROOT_CLASS = YES_ERROR;
				CLANG_WARN_UNREACHABLE_CODE = YES;
				CLANG_WARN__DUPLICATE_METHOD_MATCH = YES;
				COPY_PHASE_STRIP = NO;
				DEBUG_INFORMATION_FORMAT = "dwarf-with-dsym";
				ENABLE_NS_ASSERTIONS = NO;
				ENABLE_STRICT_OBJC_MSGSEND = YES;
				GCC_C_LANGUAGE_STANDARD = gnu99;
				GCC_NO_COMMON_BLOCKS = YES;
				GCC_WARN_64_TO_32_BIT_CONVERSION = YES;
				GCC_WARN_ABOUT_RETURN_TYPE = YES_ERROR;
				GCC_WARN_UNDECLARED_SELECTOR = YES;
				GCC_WARN_UNINITIALIZED_AUTOS = YES_AGGRESSIVE;
				GCC_WARN_UNUSED_FUNCTION = YES;
				GCC_WARN_UNUSED_VARIABLE = YES;
				IPHONEOS_DEPLOYMENT_TARGET = 8.3;
				MTL_ENABLE_DEBUG_INFO = NO;
				SDKROOT = iphoneos;
				VALIDATE_PRODUCT = YES;
			};
			name = Release;
		};
		1218BCD51B1C2B61008D49A1 /* Debug */ = {
			isa = XCBuildConfiguration;
			buildSettings = {
				GCC_PRECOMPILE_PREFIX_HEADER = YES;
				GCC_PREFIX_HEADER = "CoreLib/CoreLib-Prefix.pch";
				HEADER_SEARCH_PATHS = (
					"$(inherited)",
					/Applications/Xcode.app/Contents/Developer/Toolchains/XcodeDefault.xctoolchain/usr/include,
					"\"../Pods/Headers/Public\"",
					"\"../Pods/Headers/Public/MBProgressHUD\"",
				);
				OTHER_CFLAGS = "-DPRPDEBUG";
				OTHER_LDFLAGS = "-ObjC";
				PRODUCT_NAME = "$(TARGET_NAME)";
				SKIP_INSTALL = YES;
			};
			name = Debug;
		};
		1218BCD61B1C2B61008D49A1 /* Release */ = {
			isa = XCBuildConfiguration;
			buildSettings = {
				GCC_PRECOMPILE_PREFIX_HEADER = YES;
				GCC_PREFIX_HEADER = "CoreLib/CoreLib-Prefix.pch";
				HEADER_SEARCH_PATHS = (
					"$(inherited)",
					/Applications/Xcode.app/Contents/Developer/Toolchains/XcodeDefault.xctoolchain/usr/include,
					"\"../Pods/Headers/Public\"",
					"\"../Pods/Headers/Public/MBProgressHUD\"",
				);
				OTHER_LDFLAGS = "-ObjC";
				PRODUCT_NAME = "$(TARGET_NAME)";
				SKIP_INSTALL = YES;
			};
			name = Release;
		};
		1218BCD81B1C2B61008D49A1 /* Debug */ = {
			isa = XCBuildConfiguration;
			buildSettings = {
				"CODE_SIGN_IDENTITY[sdk=iphoneos*]" = "iPhone Developer";
				FRAMEWORK_SEARCH_PATHS = (
					"$(SDKROOT)/Developer/Library/Frameworks",
					"$(inherited)",
				);
				GCC_PREPROCESSOR_DEFINITIONS = (
					"DEBUG=1",
					"$(inherited)",
				);
				INFOPLIST_FILE = CoreLibTests/Info.plist;
				LD_RUNPATH_SEARCH_PATHS = "$(inherited) @executable_path/Frameworks @loader_path/Frameworks";
				PRODUCT_NAME = "$(TARGET_NAME)";
			};
			name = Debug;
		};
		1218BCD91B1C2B61008D49A1 /* Release */ = {
			isa = XCBuildConfiguration;
			buildSettings = {
				"CODE_SIGN_IDENTITY[sdk=iphoneos*]" = "iPhone Developer";
				FRAMEWORK_SEARCH_PATHS = (
					"$(SDKROOT)/Developer/Library/Frameworks",
					"$(inherited)",
				);
				INFOPLIST_FILE = CoreLibTests/Info.plist;
				LD_RUNPATH_SEARCH_PATHS = "$(inherited) @executable_path/Frameworks @loader_path/Frameworks";
				PRODUCT_NAME = "$(TARGET_NAME)";
			};
			name = Release;
		};
/* End XCBuildConfiguration section */

/* Begin XCConfigurationList section */
		1218BCBB1B1C2B61008D49A1 /* Build configuration list for PBXProject "CoreLib" */ = {
			isa = XCConfigurationList;
			buildConfigurations = (
				1218BCD21B1C2B61008D49A1 /* Debug */,
				1218BCD31B1C2B61008D49A1 /* Release */,
			);
			defaultConfigurationIsVisible = 0;
			defaultConfigurationName = Release;
		};
		1218BCD41B1C2B61008D49A1 /* Build configuration list for PBXNativeTarget "CoreLib" */ = {
			isa = XCConfigurationList;
			buildConfigurations = (
				1218BCD51B1C2B61008D49A1 /* Debug */,
				1218BCD61B1C2B61008D49A1 /* Release */,
			);
			defaultConfigurationIsVisible = 0;
			defaultConfigurationName = Release;
		};
		1218BCD71B1C2B61008D49A1 /* Build configuration list for PBXNativeTarget "CoreLibTests" */ = {
			isa = XCConfigurationList;
			buildConfigurations = (
				1218BCD81B1C2B61008D49A1 /* Debug */,
				1218BCD91B1C2B61008D49A1 /* Release */,
			);
			defaultConfigurationIsVisible = 0;
			defaultConfigurationName = Release;
		};
/* End XCConfigurationList section */
	};
	rootObject = 1218BCB81B1C2B61008D49A1 /* Project object */;
}
